<?xml version="1.0" encoding="utf-8"?>
<Project ToolsVersion="4.0" xmlns="http://schemas.microsoft.com/developer/msbuild/2003">
  <ItemGroup>
    <Filter Include="App">
      <UniqueIdentifier>{4f8c5227-36cd-4e94-a68b-2d510a8e2e2a}</UniqueIdentifier>
    </Filter>
    <Filter Include="Input">
      <UniqueIdentifier>{b8754b92-a35e-46f6-93f5-b66241610829}</UniqueIdentifier>
    </Filter>
    <Filter Include="World">
      <UniqueIdentifier>{6317a0f3-3bc0-4edd-81f5-bbdb1eea1fbe}</UniqueIdentifier>
    </Filter>
    <Filter Include="Command">
      <UniqueIdentifier>{e9ffe94f-2bbc-473a-b8a8-0b61cf533345}</UniqueIdentifier>
    </Filter>
    <Filter Include="World\Robot">
      <UniqueIdentifier>{ccc70a13-dde4-4496-8f24-2940032d2b6c}</UniqueIdentifier>
    </Filter>
    <Filter Include="Mode">
      <UniqueIdentifier>{6169f64f-262c-4c63-b853-f6122cb8dd65}</UniqueIdentifier>
    </Filter>
    <Filter Include="World\Terrain">
      <UniqueIdentifier>{e00a0753-5a05-4740-9110-aec6201cc36a}</UniqueIdentifier>
    </Filter>
  </ItemGroup>
  <ItemGroup>
    <ClCompile Include="main.cpp" />
    <ClCompile Include="Mode\GrabMode.cpp">
      <Filter>Mode</Filter>
    </ClCompile>
    <ClCompile Include="Mode\ManualMode.cpp">
      <Filter>Mode</Filter>
    </ClCompile>
    <ClCompile Include="Mode\ScanMode.cpp">
      <Filter>Mode</Filter>
    </ClCompile>
    <ClCompile Include="World\Robot\Collector.cpp">
      <Filter>World\Robot</Filter>
    </ClCompile>
    <ClCompile Include="World\Robot\Robot.cpp">
      <Filter>World\Robot</Filter>
    </ClCompile>
    <ClCompile Include="World\World.cpp">
      <Filter>World</Filter>
    </ClCompile>
    <ClCompile Include="World\Terrain\Terrain.cpp">
      <Filter>World\Terrain</Filter>
    </ClCompile>
    <ClCompile Include="World\Terrain\TerrainLoader.cpp">
      <Filter>World\Terrain</Filter>
    </ClCompile>
    <ClCompile Include="World\Terrain\Cell.cpp">
      <Filter>World\Terrain</Filter>
    </ClCompile>
    <ClCompile Include="Player\Player.cpp" />
    <ClCompile Include="App\App.cpp" />
    <ClCompile Include="Command\CommandServer.cpp" />
    <ClCompile Include="World\Robot\Sapper.cpp" />
    <ClCompile Include="Command\Move.cpp" />
    <ClCompile Include="Command\Scan.cpp" />
    <ClCompile Include="Command\ManualModeCommand.cpp" />
    <ClCompile Include="Command\Grab.cpp" />
    <ClCompile Include="Command\ChangeMode.cpp" />
    <ClCompile Include="Command\SapperSwitch.cpp" />
    <ClCompile Include="Graphics\ConsoleView.cpp" />
    <ClCompile Include="Mode\ModeBase.cpp" />
    <ClCompile Include="Input\ConsoleArgs.cpp" />
    <ClCompile Include="Graphics\SfmlView.cpp" />
    <ClCompile Include="Input\CommandParser.cpp" />
  </ItemGroup>
  <ItemGroup>
    <ClInclude Include="Command\ICommand.h">
      <Filter>Command</Filter>
    </ClInclude>
    <ClInclude Include="Mode\IMode.h">
      <Filter>Mode</Filter>
    </ClInclude>
    <ClInclude Include="Mode\GrabMode.h">
      <Filter>Mode</Filter>
    </ClInclude>
    <ClInclude Include="Mode\ManualMode.h">
      <Filter>Mode</Filter>
    </ClInclude>
    <ClInclude Include="Mode\ScanMode.h">
      <Filter>Mode</Filter>
    </ClInclude>
    <ClInclude Include="World\IEntity.h">
      <Filter>World</Filter>
    </ClInclude>
    <ClInclude Include="World\Robot\Robot.h">
      <Filter>World\Robot</Filter>
    </ClInclude>
    <ClInclude Include="World\Robot\Collector.h">
      <Filter>World\Robot</Filter>
    </ClInclude>
    <ClInclude Include="World\IWorld.h">
      <Filter>World</Filter>
    </ClInclude>
    <ClInclude Include="World\World.h">
      <Filter>World</Filter>
    </ClInclude>
    <ClInclude Include="World\Terrain\Terrain.h">
      <Filter>World\Terrain</Filter>
    </ClInclude>
    <ClInclude Include="World\Terrain\TerrainLoader.h">
      <Filter>World\Terrain</Filter>
    </ClInclude>
    <ClInclude Include="World\Terrain\Cell.h">
      <Filter>World\Terrain</Filter>
    </ClInclude>
    <ClInclude Include="Player\Player.h" />
    <ClInclude Include="App\App.h" />
    <ClInclude Include="App\GameInterface.h" />
    <ClInclude Include="Command\CommandServer.h" />
    <ClInclude Include="World\Robot\Sapper.h" />
    <ClInclude Include="Command\Move.h" />
    <ClInclude Include="Command\CommandType.h" />
    <ClInclude Include="Command\Scan.h" />
    <ClInclude Include="Command\ManualModeCommand.h" />
    <ClInclude Include="Command\Grab.h" />
    <ClInclude Include="Command\ChangeMode.h" />
    <ClInclude Include="Command\SapperSwitch.h" />
    <ClInclude Include="Graphics\ConsoleView.h" />
    <ClInclude Include="Graphics\IView.h" />
    <ClInclude Include="Mode\ModeBase.h" />
    <ClInclude Include="Input\ConsoleArgs.h" />
    <ClInclude Include="Graphics\SfmlView.h" />
    <ClInclude Include="Input\CommandParser.h" />
    <ClInclude Include="Input\ICommandParser.h" />
  </ItemGroup>
</Project>